
Microsoft Visual Studio Solution File, Format Version 12.00
# Visual Studio 15
VisualStudioVersion = 15.0.27004.2006
MinimumVisualStudioVersion = 10.0.40219.1
Project("{FAE04EC0-301F-11D3-BF4B-00C04F79EFBC}") = "RafalStrzechowskiLab5", "RafalStrzechowskiLab5\RafalStrzechowskiLab5.csproj", "{E3DE2D0C-BE87-467E-AC0B-9CE3548E6320}"
EndProject
Global
	GlobalSection(SolutionConfigurationPlatforms) = preSolution
		Debug|Any CPU = Debug|Any CPU
		Release|Any CPU = Release|Any CPU
	EndGlobalSection
	GlobalSection(ProjectConfigurationPlatforms) = postSolution
		{E3DE2D0C-BE87-467E-AC0B-9CE3548E6320}.Debug|Any CPU.ActiveCfg = Debug|Any CPU
		{E3DE2D0C-BE87-467E-AC0B-9CE3548E6320}.Debug|Any CPU.Build.0 = Debug|Any CPU
		{E3DE2D0C-BE87-467E-AC0B-9CE3548E6320}.Release|Any CPU.ActiveCfg = Release|Any CPU
		{E3DE2D0C-BE87-467E-AC0B-9CE3548E6320}.Release|Any CPU.Build.0 = Release|Any CPU
	EndGlobalSection
	GlobalSection(SolutionProperties) = preSolution
		HideSolutionNode = FALSE
	EndGlobalSection
	GlobalSection(ExtensibilityGlobals) = postSolution
		SolutionGuid = {7C115B9F-2200-4CC5-BDEB-086DB48ACA95}
	EndGlobalSection
EndGlobal
